
Microsoft Visual Studio Solution File, Format Version 12.00
# Visual Studio Version 16
VisualStudioVersion = 16.0.31019.35
MinimumVisualStudioVersion = 10.0.40219.1
Project("{9A19103F-16F7-4668-BE54-9A1E7A4F7556}") = "KampIntro", "KampIntro\KampIntro.csproj", "{2B4534E3-18FD-4891-92D1-AAEC2BA161F4}"
EndProject
Project("{9A19103F-16F7-4668-BE54-9A1E7A4F7556}") = "Donguler", "Donguler\Donguler.csproj", "{93D8D7EA-01AE-4934-939B-5E1CDDE11592}"
EndProject
Project("{9A19103F-16F7-4668-BE54-9A1E7A4F7556}") = "ClassIntro", "ClassIntro\ClassIntro.csproj", "{16794479-81E4-48B6-BB57-60E46127D56C}"
EndProject
Project("{9A19103F-16F7-4668-BE54-9A1E7A4F7556}") = "Metotlar", "Metotlar\Metotlar.csproj", "{25BECFC2-1A3B-4F94-8A8B-A387DA4C5D51}"
EndProject
Project("{9A19103F-16F7-4668-BE54-9A1E7A4F7556}") = "Matematik", "Matematik\Matematik.csproj", "{1F14A016-D740-4AC9-9917-0F8B8F4FF7D8}"
EndProject
Project("{9A19103F-16F7-4668-BE54-9A1E7A4F7556}") = "DegerVeReferansTipler", "DegerVeReferansTipler\DegerVeReferansTipler.csproj", "{6ACD9B29-A318-4855-BDC3-CB461D7D7BCC}"
EndProject
Project("{9A19103F-16F7-4668-BE54-9A1E7A4F7556}") = "ClassMetotDemo", "ClassMetotDemo\ClassMetotDemo.csproj", "{6EE2E4BC-FBC4-4370-9519-BFE36C18C68A}"
EndProject
Project("{9A19103F-16F7-4668-BE54-9A1E7A4F7556}") = "OOP1", "OOP1\OOP1.csproj", "{B4701A72-DED2-4016-AA43-799D9CEE685E}"
EndProject
Project("{9A19103F-16F7-4668-BE54-9A1E7A4F7556}") = "Koleksiyonlar", "Koleksiyonlar\Koleksiyonlar.csproj", "{2951B52D-4DA7-42B1-9EE0-0E59EC76149D}"
EndProject
Project("{9A19103F-16F7-4668-BE54-9A1E7A4F7556}") = "GenericsIntro", "GenericsIntro\GenericsIntro.csproj", "{CD670DFC-ECBC-4490-88DE-7457DF3AFB14}"
EndProject
Project("{9A19103F-16F7-4668-BE54-9A1E7A4F7556}") = "Dictionary", "Dictionary\Dictionary.csproj", "{FEACB28C-3EEB-443C-BBED-5DEED8BB0031}"
EndProject
Project("{FAE04EC0-301F-11D3-BF4B-00C04F79EFBC}") = "Constructors", "Constructors\Constructors.csproj", "{A51C6407-9C1C-4D2F-BEDA-9B077760B281}"
EndProject
Project("{FAE04EC0-301F-11D3-BF4B-00C04F79EFBC}") = "Interfaces", "Interfaces\Interfaces.csproj", "{1F6AD3BE-7DF7-4809-806B-76E3317560A3}"
EndProject
Project("{FAE04EC0-301F-11D3-BF4B-00C04F79EFBC}") = "ReferenceTypes", "ReferenceTypes\ReferenceTypes.csproj", "{1B722730-2FF8-4069-9326-5D61B93A8CE3}"
EndProject
Global
	GlobalSection(SolutionConfigurationPlatforms) = preSolution
		Debug|Any CPU = Debug|Any CPU
		Release|Any CPU = Release|Any CPU
	EndGlobalSection
	GlobalSection(ProjectConfigurationPlatforms) = postSolution
		{2B4534E3-18FD-4891-92D1-AAEC2BA161F4}.Debug|Any CPU.ActiveCfg = Debug|Any CPU
		{2B4534E3-18FD-4891-92D1-AAEC2BA161F4}.Debug|Any CPU.Build.0 = Debug|Any CPU
		{2B4534E3-18FD-4891-92D1-AAEC2BA161F4}.Release|Any CPU.ActiveCfg = Release|Any CPU
		{2B4534E3-18FD-4891-92D1-AAEC2BA161F4}.Release|Any CPU.Build.0 = Release|Any CPU
		{93D8D7EA-01AE-4934-939B-5E1CDDE11592}.Debug|Any CPU.ActiveCfg = Debug|Any CPU
		{93D8D7EA-01AE-4934-939B-5E1CDDE11592}.Debug|Any CPU.Build.0 = Debug|Any CPU
		{93D8D7EA-01AE-4934-939B-5E1CDDE11592}.Release|Any CPU.ActiveCfg = Release|Any CPU
		{93D8D7EA-01AE-4934-939B-5E1CDDE11592}.Release|Any CPU.Build.0 = Release|Any CPU
		{16794479-81E4-48B6-BB57-60E46127D56C}.Debug|Any CPU.ActiveCfg = Debug|Any CPU
		{16794479-81E4-48B6-BB57-60E46127D56C}.Debug|Any CPU.Build.0 = Debug|Any CPU
		{16794479-81E4-48B6-BB57-60E46127D56C}.Release|Any CPU.ActiveCfg = Release|Any CPU
		{16794479-81E4-48B6-BB57-60E46127D56C}.Release|Any CPU.Build.0 = Release|Any CPU
		{25BECFC2-1A3B-4F94-8A8B-A387DA4C5D51}.Debug|Any CPU.ActiveCfg = Debug|Any CPU
		{25BECFC2-1A3B-4F94-8A8B-A387DA4C5D51}.Debug|Any CPU.Build.0 = Debug|Any CPU
		{25BECFC2-1A3B-4F94-8A8B-A387DA4C5D51}.Release|Any CPU.ActiveCfg = Release|Any CPU
		{25BECFC2-1A3B-4F94-8A8B-A387DA4C5D51}.Release|Any CPU.Build.0 = Release|Any CPU
		{1F14A016-D740-4AC9-9917-0F8B8F4FF7D8}.Debug|Any CPU.ActiveCfg = Debug|Any CPU
		{1F14A016-D740-4AC9-9917-0F8B8F4FF7D8}.Debug|Any CPU.Build.0 = Debug|Any CPU
		{1F14A016-D740-4AC9-9917-0F8B8F4FF7D8}.Release|Any CPU.ActiveCfg = Release|Any CPU
		{1F14A016-D740-4AC9-9917-0F8B8F4FF7D8}.Release|Any CPU.Build.0 = Release|Any CPU
		{6ACD9B29-A318-4855-BDC3-CB461D7D7BCC}.Debug|Any CPU.ActiveCfg = Debug|Any CPU
		{6ACD9B29-A318-4855-BDC3-CB461D7D7BCC}.Debug|Any CPU.Build.0 = Debug|Any CPU
		{6ACD9B29-A318-4855-BDC3-CB461D7D7BCC}.Release|Any CPU.ActiveCfg = Release|Any CPU
		{6ACD9B29-A318-4855-BDC3-CB461D7D7BCC}.Release|Any CPU.Build.0 = Release|Any CPU
		{6EE2E4BC-FBC4-4370-9519-BFE36C18C68A}.Debug|Any CPU.ActiveCfg = Debug|Any CPU
		{6EE2E4BC-FBC4-4370-9519-BFE36C18C68A}.Debug|Any CPU.Build.0 = Debug|Any CPU
		{6EE2E4BC-FBC4-4370-9519-BFE36C18C68A}.Release|Any CPU.ActiveCfg = Release|Any CPU
		{6EE2E4BC-FBC4-4370-9519-BFE36C18C68A}.Release|Any CPU.Build.0 = Release|Any CPU
		{B4701A72-DED2-4016-AA43-799D9CEE685E}.Debug|Any CPU.ActiveCfg = Debug|Any CPU
		{B4701A72-DED2-4016-AA43-799D9CEE685E}.Debug|Any CPU.Build.0 = Debug|Any CPU
		{B4701A72-DED2-4016-AA43-799D9CEE685E}.Release|Any CPU.ActiveCfg = Release|Any CPU
		{B4701A72-DED2-4016-AA43-799D9CEE685E}.Release|Any CPU.Build.0 = Release|Any CPU
		{2951B52D-4DA7-42B1-9EE0-0E59EC76149D}.Debug|Any CPU.ActiveCfg = Debug|Any CPU
		{2951B52D-4DA7-42B1-9EE0-0E59EC76149D}.Debug|Any CPU.Build.0 = Debug|Any CPU
		{2951B52D-4DA7-42B1-9EE0-0E59EC76149D}.Release|Any CPU.ActiveCfg = Release|Any CPU
		{2951B52D-4DA7-42B1-9EE0-0E59EC76149D}.Release|Any CPU.Build.0 = Release|Any CPU
		{CD670DFC-ECBC-4490-88DE-7457DF3AFB14}.Debug|Any CPU.ActiveCfg = Debug|Any CPU
		{CD670DFC-ECBC-4490-88DE-7457DF3AFB14}.Debug|Any CPU.Build.0 = Debug|Any CPU
		{CD670DFC-ECBC-4490-88DE-7457DF3AFB14}.Release|Any CPU.ActiveCfg = Release|Any CPU
		{CD670DFC-ECBC-4490-88DE-7457DF3AFB14}.Release|Any CPU.Build.0 = Release|Any CPU
		{FEACB28C-3EEB-443C-BBED-5DEED8BB0031}.Debug|Any CPU.ActiveCfg = Debug|Any CPU
		{FEACB28C-3EEB-443C-BBED-5DEED8BB0031}.Debug|Any CPU.Build.0 = Debug|Any CPU
		{FEACB28C-3EEB-443C-BBED-5DEED8BB0031}.Release|Any CPU.ActiveCfg = Release|Any CPU
		{FEACB28C-3EEB-443C-BBED-5DEED8BB0031}.Release|Any CPU.Build.0 = Release|Any CPU
		{A51C6407-9C1C-4D2F-BEDA-9B077760B281}.Debug|Any CPU.ActiveCfg = Debug|Any CPU
		{A51C6407-9C1C-4D2F-BEDA-9B077760B281}.Debug|Any CPU.Build.0 = Debug|Any CPU
		{A51C6407-9C1C-4D2F-BEDA-9B077760B281}.Release|Any CPU.ActiveCfg = Release|Any CPU
		{A51C6407-9C1C-4D2F-BEDA-9B077760B281}.Release|Any CPU.Build.0 = Release|Any CPU
		{1F6AD3BE-7DF7-4809-806B-76E3317560A3}.Debug|Any CPU.ActiveCfg = Debug|Any CPU
		{1F6AD3BE-7DF7-4809-806B-76E3317560A3}.Debug|Any CPU.Build.0 = Debug|Any CPU
		{1F6AD3BE-7DF7-4809-806B-76E3317560A3}.Release|Any CPU.ActiveCfg = Release|Any CPU
		{1F6AD3BE-7DF7-4809-806B-76E3317560A3}.Release|Any CPU.Build.0 = Release|Any CPU
		{1B722730-2FF8-4069-9326-5D61B93A8CE3}.Debug|Any CPU.ActiveCfg = Debug|Any CPU
		{1B722730-2FF8-4069-9326-5D61B93A8CE3}.Debug|Any CPU.Build.0 = Debug|Any CPU
		{1B722730-2FF8-4069-9326-5D61B93A8CE3}.Release|Any CPU.ActiveCfg = Release|Any CPU
		{1B722730-2FF8-4069-9326-5D61B93A8CE3}.Release|Any CPU.Build.0 = Release|Any CPU
	EndGlobalSection
	GlobalSection(SolutionProperties) = preSolution
		HideSolutionNode = FALSE
	EndGlobalSection
	GlobalSection(ExtensibilityGlobals) = postSolution
		SolutionGuid = {5B06830C-228C-47A8-B996-7CB4AAF07C46}
	EndGlobalSection
EndGlobal
